
Microsoft Visual Studio Solution File, Format Version 12.00
# Visual Studio 15
VisualStudioVersion = 15.0.27703.2047
MinimumVisualStudioVersion = 10.0.40219.1
Project("{FAE04EC0-301F-11D3-BF4B-00C04F79EFBC}") = "ProyectoCuentas", "ProyectoCuentas\ProyectoCuentas.csproj", "{359266B7-C840-4F9B-B2F1-8F9ECD7DEA94}"
EndProject
Global
	GlobalSection(SolutionConfigurationPlatforms) = preSolution
		Debug|Any CPU = Debug|Any CPU
		Release|Any CPU = Release|Any CPU
	EndGlobalSection
	GlobalSection(ProjectConfigurationPlatforms) = postSolution
		{359266B7-C840-4F9B-B2F1-8F9ECD7DEA94}.Debug|Any CPU.ActiveCfg = Debug|Any CPU
		{359266B7-C840-4F9B-B2F1-8F9ECD7DEA94}.Debug|Any CPU.Build.0 = Debug|Any CPU
		{359266B7-C840-4F9B-B2F1-8F9ECD7DEA94}.Release|Any CPU.ActiveCfg = Release|Any CPU
		{359266B7-C840-4F9B-B2F1-8F9ECD7DEA94}.Release|Any CPU.Build.0 = Release|Any CPU
	EndGlobalSection
	GlobalSection(SolutionProperties) = preSolution
		HideSolutionNode = FALSE
	EndGlobalSection
	GlobalSection(ExtensibilityGlobals) = postSolution
		SolutionGuid = {CF3CBF9A-A949-43BF-9A85-C521BFA58E5E}
	EndGlobalSection
EndGlobal
